
Microsoft Visual Studio Solution File, Format Version 12.00
# Visual Studio Version 17
VisualStudioVersion = 17.5.002.0
MinimumVisualStudioVersion = 10.0.40219.1
Project("{9A19103F-16F7-4668-BE54-9A1E7A4F7556}") = "JokesWebApp", "JokesWebApp.csproj", "{A806B356-D30A-48F6-94BB-E4689886EC78}"
EndProject
Global
	GlobalSection(SolutionConfigurationPlatforms) = preSolution
		Debug|Any CPU = Debug|Any CPU
		Release|Any CPU = Release|Any CPU
	EndGlobalSection
	GlobalSection(ProjectConfigurationPlatforms) = postSolution
		{A806B356-D30A-48F6-94BB-E4689886EC78}.Debug|Any CPU.ActiveCfg = Debug|Any CPU
		{A806B356-D30A-48F6-94BB-E4689886EC78}.Debug|Any CPU.Build.0 = Debug|Any CPU
		{A806B356-D30A-48F6-94BB-E4689886EC78}.Release|Any CPU.ActiveCfg = Release|Any CPU
		{A806B356-D30A-48F6-94BB-E4689886EC78}.Release|Any CPU.Build.0 = Release|Any CPU
	EndGlobalSection
	GlobalSection(SolutionProperties) = preSolution
		HideSolutionNode = FALSE
	EndGlobalSection
	GlobalSection(ExtensibilityGlobals) = postSolution
		SolutionGuid = {75F070D2-3F1E-404C-BBC1-CB8E330EBA6E}
	EndGlobalSection
EndGlobal
